# Generated by fullsend lock — DO NOT EDIT
version: 1
generated_at: 2026-09-04T13:39:01.038924Z
harnesses:
    verify-pr:
        source: harness/verify-pr.yaml
        sha256: 207fc58e6400ec27557408256812c62e32326268c88e4592b96633406cf5bb3b
        resolved_at: 2026-09-09T09:27:45.849411Z
        dependencies:
            - field: base
              url: https://raw.githubusercontent.com/RHEcosystemAppEng/sdlc-plugins/6572360e3e6cae77a364ed25324e54f67bb77549/harness/verify-pr.yaml
              sha256: d8ebedc8978b1ea2df938110eaef20c669319786c4db2e45faf6c9040e3ebb95
              type: file
              fetched_at: 2026-09-09T09:27:38.211305Z
            - field: pre_script
              url: https://raw.githubusercontent.com/RHEcosystemAppEng/sdlc-plugins/6572360e3e6cae77a364ed25324e54f67bb77549/plugins/sdlc-workflow/scripts/pre-verify-pr.sh
              sha256: 6ff7f8857ce1bf53da7e82d1d756491bd3cc9aa0c4260c9b03a0aea588e3f051
              type: directory
              files:
                - path: execute-actions.py
                  sha256: 595220e3cac4426acaecfda17e9c7b73532cd9bf59a453c4093dc8e9a57a0936
                - path: jira-client.py
                  sha256: f6bf79d2c98a2ae020775e68a538f612953c0464f09bd750c988f0d20fd4b159
                - path: post-verify-pr.sh
                  sha256: 0cdd85d68e1c94546964747badcb1837602aae0e47a168903f39e3760d1be687
                - path: pre-verify-pr.sh
                  sha256: 041bd777d3a8915d0818aa6d24ed188443aba4c199f5ecdd543d8a86677a8c5b
                - path: pre_verify_pr.py
                  sha256: e65e94373bfa992b184b1687a77ee8d925a98744e871e5a428521779a47ed681
                - path: strip_extra_properties.py
                  sha256: 9099200014a0a4a9da8795a3346f963efc34c53f4603d340551c46b8d135d122
                - path: test_execute_actions.py
                  sha256: 4170eea78768a516097d212a48b4b459ffb47370c0cc224bc157113d581ab0d4
                - path: test_jira_client.py
                  sha256: 2685494b0e725bdf281f61052eb5af7c2cf771613fa3ec6692228377d1bc8518
                - path: test_jira_client_cli.py
                  sha256: d36b790c1a310111a0d2f3e81415f9576e80acc5f0bc7d0ff8084ffad001285f
                - path: test_pre_verify_pr.py
                  sha256: c7ae30979613fa3402de4450c9bb4faf5f011decac79b75a36ba2ef51e4d21aa
                - path: validate-output-schema.sh
                  sha256: 56b964145da0b62f438dbc1885780d86e2d589c5340adb93c00e3c8777979cbe
              fetched_at: 2026-09-09T09:27:40.840298Z
            - field: post_script
              url: https://raw.githubusercontent.com/RHEcosystemAppEng/sdlc-plugins/6572360e3e6cae77a364ed25324e54f67bb77549/plugins/sdlc-workflow/scripts/post-verify-pr.sh
              sha256: 6ff7f8857ce1bf53da7e82d1d756491bd3cc9aa0c4260c9b03a0aea588e3f051
              type: directory
              files:
                - path: execute-actions.py
                  sha256: 595220e3cac4426acaecfda17e9c7b73532cd9bf59a453c4093dc8e9a57a0936
                - path: jira-client.py
                  sha256: f6bf79d2c98a2ae020775e68a538f612953c0464f09bd750c988f0d20fd4b159
                - path: post-verify-pr.sh
                  sha256: 0cdd85d68e1c94546964747badcb1837602aae0e47a168903f39e3760d1be687
                - path: pre-verify-pr.sh
                  sha256: 041bd777d3a8915d0818aa6d24ed188443aba4c199f5ecdd543d8a86677a8c5b
                - path: pre_verify_pr.py
                  sha256: e65e94373bfa992b184b1687a77ee8d925a98744e871e5a428521779a47ed681
                - path: strip_extra_properties.py
                  sha256: 9099200014a0a4a9da8795a3346f963efc34c53f4603d340551c46b8d135d122
                - path: test_execute_actions.py
                  sha256: 4170eea78768a516097d212a48b4b459ffb47370c0cc224bc157113d581ab0d4
                - path: test_jira_client.py
                  sha256: 2685494b0e725bdf281f61052eb5af7c2cf771613fa3ec6692228377d1bc8518
                - path: test_jira_client_cli.py
                  sha256: d36b790c1a310111a0d2f3e81415f9576e80acc5f0bc7d0ff8084ffad001285f
                - path: test_pre_verify_pr.py
                  sha256: c7ae30979613fa3402de4450c9bb4faf5f011decac79b75a36ba2ef51e4d21aa
                - path: validate-output-schema.sh
                  sha256: 56b964145da0b62f438dbc1885780d86e2d589c5340adb93c00e3c8777979cbe
              fetched_at: 2026-09-09T09:27:40.835254Z
            - field: validation_loop.script
              url: https://raw.githubusercontent.com/RHEcosystemAppEng/sdlc-plugins/6572360e3e6cae77a364ed25324e54f67bb77549/plugins/sdlc-workflow/scripts/validate-output-schema.sh
              sha256: 6ff7f8857ce1bf53da7e82d1d756491bd3cc9aa0c4260c9b03a0aea588e3f051
              type: directory
              files:
                - path: execute-actions.py
                  sha256: 595220e3cac4426acaecfda17e9c7b73532cd9bf59a453c4093dc8e9a57a0936
                - path: jira-client.py
                  sha256: f6bf79d2c98a2ae020775e68a538f612953c0464f09bd750c988f0d20fd4b159
                - path: post-verify-pr.sh
                  sha256: 0cdd85d68e1c94546964747badcb1837602aae0e47a168903f39e3760d1be687
                - path: pre-verify-pr.sh
                  sha256: 041bd777d3a8915d0818aa6d24ed188443aba4c199f5ecdd543d8a86677a8c5b
                - path: pre_verify_pr.py
                  sha256: e65e94373bfa992b184b1687a77ee8d925a98744e871e5a428521779a47ed681
                - path: strip_extra_properties.py
                  sha256: 9099200014a0a4a9da8795a3346f963efc34c53f4603d340551c46b8d135d122
                - path: test_execute_actions.py
                  sha256: 4170eea78768a516097d212a48b4b459ffb47370c0cc224bc157113d581ab0d4
                - path: test_jira_client.py
                  sha256: 2685494b0e725bdf281f61052eb5af7c2cf771613fa3ec6692228377d1bc8518
                - path: test_jira_client_cli.py
                  sha256: d36b790c1a310111a0d2f3e81415f9576e80acc5f0bc7d0ff8084ffad001285f
                - path: test_pre_verify_pr.py
                  sha256: c7ae30979613fa3402de4450c9bb4faf5f011decac79b75a36ba2ef51e4d21aa
                - path: validate-output-schema.sh
                  sha256: 56b964145da0b62f438dbc1885780d86e2d589c5340adb93c00e3c8777979cbe
              fetched_at: 2026-09-09T09:27:40.835254Z
            - field: validation_loop.schema
              url: https://raw.githubusercontent.com/RHEcosystemAppEng/sdlc-plugins/6572360e3e6cae77a364ed25324e54f67bb77549/plugins/sdlc-workflow/schemas/verify-pr-result.schema.json
              sha256: 62c3e5ce0c47e73823b5cab9a577be7b721d8fb31389bc8602dc82ee05526ad6
              type: resource
              fetched_at: 2026-09-09T09:27:41.115962Z
            - field: agent
              url: https://raw.githubusercontent.com/RHEcosystemAppEng/sdlc-plugins/6572360e3e6cae77a364ed25324e54f67bb77549/plugins/sdlc-workflow/agents/verify-pr.md
              sha256: 568b2ab7e32300c84038d500d95f4534ff6c4b20e52eebf2ed5a6c0ae706786a
              type: resource
              fetched_at: 2026-09-09T09:27:41.376898Z
            - field: policy
              url: https://raw.githubusercontent.com/RHEcosystemAppEng/sdlc-plugins/6572360e3e6cae77a364ed25324e54f67bb77549/plugins/sdlc-workflow/policies/verify-pr.yaml
              sha256: 62d1374be253b0b225921bd8e22e679781076ecdb3a9ea22d5e6a4805753c5a7
              type: resource
              fetched_at: 2026-09-09T09:27:41.635183Z
            - field: host_files[0].src
              url: https://raw.githubusercontent.com/RHEcosystemAppEng/sdlc-plugins/6572360e3e6cae77a364ed25324e54f67bb77549/plugins/sdlc-workflow/env/gcp-vertex.env
              sha256: 10b2ba695b1d4e65e0964a233b75d6a06853f1eaefc260c56b9eedd989ae7d41
              type: resource
              fetched_at: 2026-09-09T09:27:41.940158Z
            - field: openshell.profiles[0]
              url: https://raw.githubusercontent.com/RHEcosystemAppEng/sdlc-plugins/6572360e3e6cae77a364ed25324e54f67bb77549/plugins/sdlc-workflow/profiles/fullsend-vertex-ai.yaml
              sha256: 76535a148387b1281be2bfb23b6724e4133327189b38c8ce1de2c6dddb8d8341
              type: resource
              fetched_at: 2026-09-09T09:27:42.896365Z
            - field: providers[0]
              url: https://raw.githubusercontent.com/RHEcosystemAppEng/sdlc-plugins/6572360e3e6cae77a364ed25324e54f67bb77549/plugins/sdlc-workflow/providers/vertex-ai.yaml
              sha256: ae5ebe527e5d7b0fa6994346fde3f6ba11b632a3ba78ece96591b5ed85083ec1
              type: resource
              fetched_at: 2026-09-09T09:27:43.142989Z
            - field: plugins[0]
              url: https://raw.githubusercontent.com/RHEcosystemAppEng/sdlc-plugins/6572360e3e6cae77a364ed25324e54f67bb77549/plugins/sdlc-workflow/plugin.json
              sha256: 98a51c5a11414149208afe0becb049c726eb7dc727ff91eb52080f4328283c43
              type: directory
              files:
                - path: .claude-plugin/plugin.json
                  sha256: a10c3191ab7957bd496b0ebbbb212844c48d3a95c1556097d2466d5770cf1c20
                - path: agents/verify-pr.md
                  sha256: 568b2ab7e32300c84038d500d95f4534ff6c4b20e52eebf2ed5a6c0ae706786a
                - path: env/gcp-vertex.env
                  sha256: 10b2ba695b1d4e65e0964a233b75d6a06853f1eaefc260c56b9eedd989ae7d41
                - path: plugin.json
                  sha256: 727186c0e7e8d0d6b241ff61cb57a979a2d9c7c0c684a4d1c12940534e9f2b18
                - path: policies/verify-pr.yaml
                  sha256: 62d1374be253b0b225921bd8e22e679781076ecdb3a9ea22d5e6a4805753c5a7
                - path: profiles/fullsend-vertex-ai.yaml
                  sha256: 76535a148387b1281be2bfb23b6724e4133327189b38c8ce1de2c6dddb8d8341
                - path: providers/vertex-ai.yaml
                  sha256: ae5ebe527e5d7b0fa6994346fde3f6ba11b632a3ba78ece96591b5ed85083ec1
                - path: schemas/verify-pr-input.schema.json
                  sha256: 30a46d16831087f65b6168db8f94965c9ff1516ac2b56d9a5d7d63f7ba0b3809
                - path: schemas/verify-pr-result.schema.json
                  sha256: 62c3e5ce0c47e73823b5cab9a577be7b721d8fb31389bc8602dc82ee05526ad6
                - path: scripts/execute-actions.py
                  sha256: 595220e3cac4426acaecfda17e9c7b73532cd9bf59a453c4093dc8e9a57a0936
                - path: scripts/jira-client.py
                  sha256: f6bf79d2c98a2ae020775e68a538f612953c0464f09bd750c988f0d20fd4b159
                - path: scripts/post-verify-pr.sh
                  sha256: 0cdd85d68e1c94546964747badcb1837602aae0e47a168903f39e3760d1be687
                - path: scripts/pre-verify-pr.sh
                  sha256: 041bd777d3a8915d0818aa6d24ed188443aba4c199f5ecdd543d8a86677a8c5b
                - path: scripts/pre_verify_pr.py
                  sha256: e65e94373bfa992b184b1687a77ee8d925a98744e871e5a428521779a47ed681
                - path: scripts/strip_extra_properties.py
                  sha256: 9099200014a0a4a9da8795a3346f963efc34c53f4603d340551c46b8d135d122
                - path: scripts/test_execute_actions.py
                  sha256: 4170eea78768a516097d212a48b4b459ffb47370c0cc224bc157113d581ab0d4
                - path: scripts/test_jira_client.py
                  sha256: 2685494b0e725bdf281f61052eb5af7c2cf771613fa3ec6692228377d1bc8518
                - path: scripts/test_jira_client_cli.py
                  sha256: d36b790c1a310111a0d2f3e81415f9576e80acc5f0bc7d0ff8084ffad001285f
                - path: scripts/test_pre_verify_pr.py
                  sha256: c7ae30979613fa3402de4450c9bb4faf5f011decac79b75a36ba2ef51e4d21aa
                - path: scripts/validate-output-schema.sh
                  sha256: 56b964145da0b62f438dbc1885780d86e2d589c5340adb93c00e3c8777979cbe
                - path: shared/comment-footnote.md
                  sha256: bd78a3a34db53aaec53149c2d5557d1c55d10c6f4cd1622d906652cf9b72ca5c
                - path: shared/convention-applicability-rules.md
                  sha256: 1ccabd6491148fdfc9911fcd2f233c9092d4dd54bc82cd67f52512e3e35d1823
                - path: shared/description-digest-protocol.md
                  sha256: 06cf26d8677d2e9866f7c72d8fb8037cca13df8a7ffcdbf3cd333775283fb7ea
                - path: shared/eval-coverage-propagation.md
                  sha256: d04efdb625e6b1382b2a4b8682bf41accfd99f286c40856238e0735c1f4a00f0
                - path: shared/jira-access-strategy.md
                  sha256: c00aebec96792156cdb2a80a5eb1431cbf9b1d35ba7b54d5fbca37227a2b6303
                - path: shared/jira-api-token-guide.md
                  sha256: f8fefd4e12ffca9127e692de99b18aa8e3b007cb5f5e9fb2c7b16336fd84518a
                - path: shared/jira-rest-fallback.md
                  sha256: fe39a0eab5febfb77c7c5112c0ec1c3f1ab5ec581d9f3c40b4cd968228d23cb5
                - path: shared/task-description-template.md
                  sha256: 8f0d8fbddb8b8f662db3c1c5c47e9224aa5c0d504fd615e935a960ead6660a7b
                - path: skills/define-feature/SKILL.md
                  sha256: c314f3f549c3ef835e03c38ed8ce2212422c77a876d9b786dd4e08806f5d5e4e
                - path: skills/implement-task/SKILL.md
                  sha256: 0276a52292d68908e56ab213746c93a931bede189d3b6e7a914f6a2024f6f4c1
                - path: skills/plan-feature/SKILL.md
                  sha256: a8603de28ac9ff7d163b3ef5e11c44ab3f190d735e7ec6fd57604b6b9766a9ce
                - path: skills/report-bug/SKILL.md
                  sha256: cc841f523aa9b2620f01426c32a84ee29710c732157356743a87e8ff60823cc4
                - path: skills/run-evals/SKILL.md
                  sha256: 221c45e692d4becfd839bc99ce6d2c4a3fabc9a68dd5479c40de28b2870ec5c9
                - path: skills/run-evals/scripts/aggregate_benchmark.py
                  sha256: b89b6471d6abad6684863afcdc8634c2097986afb3ff64f80f179cd71c3dd325
                - path: skills/run-evals/scripts/render_summary.py
                  sha256: 32da827a4db496a20d80148583b1f4906f595bcc5b77393a5e39dfdab30db1a5
                - path: skills/run-evals/scripts/test_render_summary.py
                  sha256: 34a2333e5bee8b0f07c23e64a9e7ab096cf16e4a027cacf91b86c4b39e584cf7
                - path: skills/setup/SKILL.md
                  sha256: a9d4a55fc35123607c445ea4ad2609e8306443f2032d360fa55b54827871bde6
                - path: skills/setup/constraints.template.md
                  sha256: 6a0c75f5e390eea5c42daffd8517b19ac58d41d6600d46a067bc31d3056b52b0
                - path: skills/setup/conventions.template.md
                  sha256: 264e53e4b2c2cad10d69293e009ca3fd7be3437de0422c81f6a9e4430f018361
                - path: skills/setup/project-config.template.md
                  sha256: d2b607d8d226bbe303b00c9e6e875b115f8f138e8e4afa29c38f37fce7b03dbd
                - path: skills/setup/security-config.template.md
                  sha256: 2422a28db45539c16cd6bfc45ab9d390dc41c816784065ad84c82cc8b5aea120
                - path: skills/triage-bug/SKILL.md
                  sha256: e3c5f28d1c7bafdcf706d8be89110cef28217ef878a754fb89c571c5731242d4
                - path: skills/triage-security/SKILL.md
                  sha256: 040ba49ffcedb2c0301389ff4ca1572f45c9b9c0d33f7a8f463b0b1ad472d459
                - path: skills/triage-security/jira-triage-operations.md
                  sha256: 665aef8f2529ee44be4fdee57783e6d589867f71793e9b7d280ce8f3973a9dcb
                - path: skills/triage-security/remediation-templates.md
                  sha256: 0b45136eb63e18a0bb81eebcb1dd033a27a69134117949eedf9f8e43d0d76010
                - path: skills/triage-security/version-impact-analysis.md
                  sha256: a18376094360d435e96436c9fd1bd6a04831123d903e44cf6cf57e600285e3c9
                - path: skills/verify-pr/SKILL.md
                  sha256: 9aa4d0f9f59d1b9d3bd7683a82fd2c700208cce505b90f3802b85ed2c5e3cdfc
                - path: skills/verify-pr/correctness.md
                  sha256: 44a4c095038d41434b5e658dfd209970a77c1c0417bc2c00548ce1f85abdbade
                - path: skills/verify-pr/dispatch-template.md
                  sha256: 666acc69b83f81b3dbcbf72ffe45cd1a678101440354c7585c17e48296f6e84e
                - path: skills/verify-pr/finding-template.md
                  sha256: b3a7c52d60d1ffc30f5d80219b2fc9db6c28eabeca83bcc0ffa1e424b3a4d0c2
                - path: skills/verify-pr/intent-alignment.md
                  sha256: 8a1ffc88f4072df77fc50a12bb6443be6e6884ac5c51b4501dac0e0e18c37f01
                - path: skills/verify-pr/security.md
                  sha256: 128877cf7e156666dbb403805a0112059cc8cc3255e148c6794da29d48b8f5cf
                - path: skills/verify-pr/style-conventions.md
                  sha256: 5ab920c596615c0d23354cb0e90fe5ebf5f08635ffa3602e8e2d2abd74028a19
              fetched_at: 2026-09-09T09:27:45.847868Z
